
Microsoft Visual Studio Solution File, Format Version 12.00
# Visual Studio 15
VisualStudioVersion = 15.0.26730.12
MinimumVisualStudioVersion = 10.0.40219.1
Project("{8BC9CEB8-8B4A-11D0-8D11-00A0C91BC942}") = "Hoge", "Hoge\Hoge.vcxproj", "{BC961F86-D3B6-4D9D-82DE-F02894530693}"
EndProject
Global
	GlobalSection(SolutionConfigurationPlatforms) = preSolution
		Debug|x64 = Debug|x64
		Debug|x86 = Debug|x86
		Release|x64 = Release|x64
		Release|x86 = Release|x86
	EndGlobalSection
	GlobalSection(ProjectConfigurationPlatforms) = postSolution
		{BC961F86-D3B6-4D9D-82DE-F02894530693}.Debug|x64.ActiveCfg = Debug|x64
		{BC961F86-D3B6-4D9D-82DE-F02894530693}.Debug|x64.Build.0 = Debug|x64
		{BC961F86-D3B6-4D9D-82DE-F02894530693}.Debug|x86.ActiveCfg = Debug|Win32
		{BC961F86-D3B6-4D9D-82DE-F02894530693}.Debug|x86.Build.0 = Debug|Win32
		{BC961F86-D3B6-4D9D-82DE-F02894530693}.Release|x64.ActiveCfg = Release|x64
		{BC961F86-D3B6-4D9D-82DE-F02894530693}.Release|x64.Build.0 = Release|x64
		{BC961F86-D3B6-4D9D-82DE-F02894530693}.Release|x86.ActiveCfg = Release|Win32
		{BC961F86-D3B6-4D9D-82DE-F02894530693}.Release|x86.Build.0 = Release|Win32
	EndGlobalSection
	GlobalSection(SolutionProperties) = preSolution
		HideSolutionNode = FALSE
	EndGlobalSection
	GlobalSection(ExtensibilityGlobals) = postSolution
		SolutionGuid = {EFFD39A2-C392-4FF4-9EE1-3107ECA453F8}
	EndGlobalSection
EndGlobal
